
Microsoft Visual Studio Solution File, Format Version 12.00
# Visual Studio Version 17
VisualStudioVersion = 17.1.32319.34
MinimumVisualStudioVersion = 10.0.40219.1
Project("{9A19103F-16F7-4668-BE54-9A1E7A4F7556}") = "Generics", "Generics\Generics.csproj", "{3E69FBFA-5CF2-43DA-9F61-89FECF433BD5}"
EndProject
Project("{FAE04EC0-301F-11D3-BF4B-00C04F79EFBC}") = "Collections", "Collections\Collections.csproj", "{969088B5-4A11-4001-BD95-EDBECC710891}"
EndProject
Global
	GlobalSection(SolutionConfigurationPlatforms) = preSolution
		Debug|Any CPU = Debug|Any CPU
		Release|Any CPU = Release|Any CPU
	EndGlobalSection
	GlobalSection(ProjectConfigurationPlatforms) = postSolution
		{3E69FBFA-5CF2-43DA-9F61-89FECF433BD5}.Debug|Any CPU.ActiveCfg = Debug|Any CPU
		{3E69FBFA-5CF2-43DA-9F61-89FECF433BD5}.Debug|Any CPU.Build.0 = Debug|Any CPU
		{3E69FBFA-5CF2-43DA-9F61-89FECF433BD5}.Release|Any CPU.ActiveCfg = Release|Any CPU
		{3E69FBFA-5CF2-43DA-9F61-89FECF433BD5}.Release|Any CPU.Build.0 = Release|Any CPU
		{969088B5-4A11-4001-BD95-EDBECC710891}.Debug|Any CPU.ActiveCfg = Debug|Any CPU
		{969088B5-4A11-4001-BD95-EDBECC710891}.Debug|Any CPU.Build.0 = Debug|Any CPU
		{969088B5-4A11-4001-BD95-EDBECC710891}.Release|Any CPU.ActiveCfg = Release|Any CPU
		{969088B5-4A11-4001-BD95-EDBECC710891}.Release|Any CPU.Build.0 = Release|Any CPU
	EndGlobalSection
	GlobalSection(SolutionProperties) = preSolution
		HideSolutionNode = FALSE
	EndGlobalSection
	GlobalSection(ExtensibilityGlobals) = postSolution
		SolutionGuid = {519D99BB-98D2-4F2F-BE7E-67371DF9C48F}
	EndGlobalSection
EndGlobal
